[[package]]
name = "numexpr"
version = "2.7.1"
description = "Fast numerical expression evaluator for NumPy"
category = "main"
optional = false
python-versions = "*"

[package.dependencies]
numpy = ">=1.7"

[[package]]
name = "numpy"
version = "1.22.0"
description = "NumPy is the fundamental package for array computing with Python."
category = "main"
optional = false
python-versions = ">=3.8"

[metadata]
lock-version = "1.1"
python-versions = "^3.8"
content-hash = "612a1ebef2c066d1afc09c2da2820ad49a8224cf49175674e9a496aab6cade7d"

[metadata.files]
numexpr = [
    {file = "numexpr-2.7.1-cp27-cp27m-macosx_10_6_intel.whl", hash = "sha256:c169e1424d495b7efefe69c046cbf89ae0dc7a071a89b6b844ae328ac48fccbc"},
    {file = "numexpr-2.7.1-cp27-cp27m-manylinux1_i686.whl", hash = "sha256:3d83f6f3d6d449eb82a4a5bd56b9d61c9e1ade65b1188052700171051329888b"},
    {file = "numexpr-2.7.1-cp27-cp27m-manylinux1_x86_64.whl", hash = "sha256:e518918a077478523d89060a8eb59178fd80f7f1273fe1a74088c46163fa49b5"},
    {file = "numexpr-2.7.1-cp27-cp27mu-manylinux1_i686.whl", hash = "sha256:81ff83abc969288673ad37055fef3e5e80cdc87f90245b76c0af9bdef6d5c509"},
    {file = "numexpr-2.7.1-cp27-cp27mu-manylinux1_x86_64.whl", hash = "sha256:57b7fcf2d0a1370bc9a380f3a96f6d10e4dfab5081b61a198a8d23b80c33e634"},
    {file = "numexpr-2.7.1-cp27-none-win32.whl", hash = "sha256:e6a7d0c269a3d9e117072551e78ec5332ece7297f80acf6447d701de0328e7df"},
    {file = "numexpr-2.7.1-cp27-none-win_amd64.whl", hash = "sha256:49f835568c864b444fa6fccf64cc01ff51a6171311742451ac4a176df471f9d8"},
    {file = "numexpr-2.7.1-cp35-cp35m-macosx_10_6_intel.whl", hash = "sha256:9e7dbf2a849c34f5e61f9b8119688108f7b5dec97ee8ea2946440bc69a4b28d0"},
    {file = "numexpr-2.7.1-cp35-cp35m-manylinux1_i686.whl", hash = "sha256:583fcf614521edf6eb1326e982d6fe3951dbd451d63e51f7438f0142b491d43f"},
    {file = "numexpr-2.7.1-cp35-cp35m-manylinux1_x86_64.whl", hash = "sha256:0eb8d1a949dcc3eea633438af939f406aaaf240ae69b4ab85ed0c11b8d5e77ee"},
    {file = "numexpr-2.7.1-cp35-none-win32.whl", hash = "sha256:841c23811b00f35b4ce2c330b57c4398ff4a61af4488ce0e013e5039bba68188"},
    {file = "numexpr-2.7.1-cp35-none-win_amd64.whl", hash = "sha256:59984617a50369670a88a0f0b6decdf59a93828dc42e29c8851bcffcedf0695b"},
    {file = "numexpr-2.7.1-cp36-cp36m-macosx_10_6_intel.whl", hash = "sha256:2cb778a74f315aafc8eded19781e444269bd45f4ce3095697595e5000dc20f8a"},
    {file = "numexpr-2.7.1-cp36-cp36m-manylinux1_i686.whl", hash = "sha256:687fa9521dbafb130f42d61462f968f211f7eb364f2789c5fbe65d82809ad6b2"},
    {file = "numexpr-2.7.1-cp36-cp36m-manylinux1_x86_64.whl", hash = "sha256:280c316d56903d20a474c5e03c073371b8879842b8070606cef0c1ea7371933a"},
    {file = "numexpr-2.7.1-cp36-none-win32.whl", hash = "sha256:208597cacb191fe983b4ae05dc9ae8177b17d82a0d9f34719d71ac614744f53b"},
    {file = "numexpr-2.7.1-cp36-none-win_amd64.whl", hash = "sha256:57d9ccd0820b7f5b1bed5100dd54a5ae52c39eb5b7e54317ae29e31ed9bd9edf"},
    {file = "numexpr-2.7.1-cp37-cp37m-macosx_10_6_intel.whl", hash = "sha256:78c7040baf20036f0d85308fd5f8322e30d553b8daff1de264394014feb62cc0"},
    {file = "numexpr-2.7.1-cp37-cp37m-manylinux1_x86_64.whl", hash = "sha256:33a610bb775a84ab8ded0af4041df2e931ce7edf5b465ccd9851511429c86d0f"},
    {file = "numexpr-2.7.1-cp37-none-win32.whl", hash = "sha256:4655276892b5274015377a4487e1c57cc257c666e5578e12679029cc1124fb08"},
    {file = "numexpr-2.7.1-cp37-none-win_amd64.whl", hash = "sha256:84d10e27833a5be6c9a61350cba2acb2f36af1e71c4d47c390b4cc80704ccb55"},
    {file = "numexpr-2.7.1-cp38-cp38-macosx_10_9_x86_64.whl", hash = "sha256:9f91ea6385f743d5ef5ef0a074270a057115d8a4c57625800dd25b5912f563b2"},
    {file = "numexpr-2.7.1-cp38-cp38-manylinux1_i686.whl", hash = "sha256:eb2bd8656ee2a92b2e928904d6b7ad434f559b1f74a381ff5f36ad987badd1a6"},
    {file = "numexpr-2.7.1-cp38-cp38-manylinux1_x86_64.whl", hash = "sha256:a478e224a23609e1bef45b44a65aad2f158a3072947fc0085c231953b1fafdcd"},
    {file = "numexpr-2.7.1-cp38-none-win32.whl", hash = "sha256:7cd5369c2f8cb4bac57571e52bca1a9ccc0260567cefa39ac40680dad0e9df4c"},
    {file = "numexpr-2.7.1-cp38-none-win_amd64.whl", hash = "sha256:659cee220ebe4bf88cb527ca9723d7cb390e93cbae8729ff5e927d06713bad26"},
    {file = "numexpr-2.7.1.tar.gz", hash = "sha256:b0d239d9827e1bcee08344fd05835823bc60aff97232e35a928214d03ff802b1"},
]
numpy = [
    {file = "numpy-1.22.0-cp310-cp310-macosx_10_9_universal2.whl", hash = "sha256:3d22662b4b10112c545c91a0741f2436f8ca979ab3d69d03d19322aa970f9695"},
    {file = "numpy-1.22.0-cp310-cp310-macosx_10_9_x86_64.whl", hash = "sha256:11a1f3816ea82eed4178102c56281782690ab5993251fdfd75039aad4d20385f"},
    {file = "numpy-1.22.0-cp310-cp310-macosx_11_0_arm64.whl", hash = "sha256:5dc65644f75a4c2970f21394ad8bea1a844104f0fe01f278631be1c7eae27226"},
    {file = "numpy-1.22.0-cp310-cp310-manylinux_2_17_aarch64.manylinux2014_aarch64.whl", hash = "sha256:42c16cec1c8cf2728f1d539bd55aaa9d6bb48a7de2f41eb944697293ef65a559"},
    {file = "numpy-1.22.0-cp310-cp310-manylinux_2_17_x86_64.manylinux2014_x86_64.whl", hash = "sha256:a97e82c39d9856fe7d4f9b86d8a1e66eff99cf3a8b7ba48202f659703d27c46f"},
    {file = "numpy-1.22.0-cp310-cp310-win_amd64.whl", hash = "sha256:e41e8951749c4b5c9a2dc5fdbc1a4eec6ab2a140fdae9b460b0f557eed870f4d"},
    {file = "numpy-1.22.0-cp38-cp38-macosx_10_9_universal2.whl", hash = "sha256:bece0a4a49e60e472a6d1f70ac6cdea00f9ab80ff01132f96bd970cdd8a9e5a9"},
    {file = "numpy-1.22.0-cp38-cp38-macosx_10_9_x86_64.whl", hash = "sha256:818b9be7900e8dc23e013a92779135623476f44a0de58b40c32a15368c01d471"},
    {file = "numpy-1.22.0-cp38-cp38-macosx_11_0_arm64.whl", hash = "sha256:47ee7a839f5885bc0c63a74aabb91f6f40d7d7b639253768c4199b37aede7982"},
    {file = "numpy-1.22.0-cp38-cp38-manylinux_2_17_aarch64.manylinux2014_aarch64.whl", hash = "sha256:a024181d7aef0004d76fb3bce2a4c9f2e67a609a9e2a6ff2571d30e9976aa383"},
    {file = "numpy-1.22.0-cp38-cp38-manylinux_2_17_x86_64.manylinux2014_x86_64.whl", hash = "sha256:f71d57cc8645f14816ae249407d309be250ad8de93ef61d9709b45a0ddf4050c"},
    {file = "numpy-1.22.0-cp38-cp38-win32.whl", hash = "sha256:283d9de87c0133ef98f93dfc09fad3fb382f2a15580de75c02b5bb36a5a159a5"},
    {file = "numpy-1.22.0-cp38-cp38-win_amd64.whl", hash = "sha256:2762331de395739c91f1abb88041f94a080cb1143aeec791b3b223976228af3f"},
    {file = "numpy-1.22.0-cp39-cp39-macosx_10_9_universal2.whl", hash = "sha256:76ba7c40e80f9dc815c5e896330700fd6e20814e69da9c1267d65a4d051080f1"},
    {file = "numpy-1.22.0-cp39-cp39-macosx_10_9_x86_64.whl", hash = "sha256:0cfe07133fd00b27edee5e6385e333e9eeb010607e8a46e1cd673f05f8596595"},
    {file = "numpy-1.22.0-cp39-cp39-macosx_11_0_arm64.whl", hash = "sha256:6ed0d073a9c54ac40c41a9c2d53fcc3d4d4ed607670b9e7b0de1ba13b4cbfe6f"},
    {file = "numpy-1.22.0-cp39-cp39-manylinux_2_17_aarch64.manylinux2014_aarch64.whl", hash = "sha256:41388e32e40b41dd56eb37fcaa7488b2b47b0adf77c66154d6b89622c110dfe9"},
    {file = "numpy-1.22.0-cp39-cp39-manylinux_2_17_x86_64.manylinux2014_x86_64.whl", hash = "sha256:b55b953a1bdb465f4dc181758570d321db4ac23005f90ffd2b434cc6609a63dd"},
    {file = "numpy-1.22.0-cp39-cp39-win32.whl", hash = "sha256:5a311ee4d983c487a0ab546708edbdd759393a3dc9cd30305170149fedd23c88"},
    {file = "numpy-1.22.0-cp39-cp39-win_amd64.whl", hash = "sha256:a97a954a8c2f046d3817c2bce16e3c7e9a9c2afffaf0400f5c16df5172a67c9c"},
    {file = "numpy-1.22.0-pp38-pypy38_pp73-manylinux_2_17_x86_64.manylinux2014_x86_64.whl", hash = "sha256:bb02929b0d6bfab4c48a79bd805bd7419114606947ec8284476167415171f55b"},
    {file = "numpy-1.22.0.zip", hash = "sha256:a955e4128ac36797aaffd49ab44ec74a71c11d6938df83b1285492d277db5397"},
]
